
Microsoft Visual Studio Solution File, Format Version 11.00
# Visual Studio 2010
Project("{FAE04EC0-301F-11D3-BF4B-00C04F79EFBC}") = "Assembly-CSharp", "Assembly-CSharp.csproj", "{90B22220-DBAE-FCA3-4A1D-F6300F38E5BA}"
EndProject
Project("{FAE04EC0-301F-11D3-BF4B-00C04F79EFBC}") = "Assembly-CSharp-Editor", "Assembly-CSharp-Editor.csproj", "{2C37F585-A36D-09CA-79BC-490EC0A7FD6B}"
EndProject
Global
	GlobalSection(SolutionConfigurationPlatforms) = preSolution
		Debug|Any CPU = Debug|Any CPU
		Release|Any CPU = Release|Any CPU
	EndGlobalSection
	GlobalSection(ProjectConfigurationPlatforms) = postSolution
		{90B22220-DBAE-FCA3-4A1D-F6300F38E5BA}.Debug|Any CPU.ActiveCfg = Debug|Any CPU
		{90B22220-DBAE-FCA3-4A1D-F6300F38E5BA}.Debug|Any CPU.Build.0 = Debug|Any CPU
		{90B22220-DBAE-FCA3-4A1D-F6300F38E5BA}.Release|Any CPU.ActiveCfg = Release|Any CPU
		{90B22220-DBAE-FCA3-4A1D-F6300F38E5BA}.Release|Any CPU.Build.0 = Release|Any CPU
		{2C37F585-A36D-09CA-79BC-490EC0A7FD6B}.Debug|Any CPU.ActiveCfg = Debug|Any CPU
		{2C37F585-A36D-09CA-79BC-490EC0A7FD6B}.Debug|Any CPU.Build.0 = Debug|Any CPU
		{2C37F585-A36D-09CA-79BC-490EC0A7FD6B}.Release|Any CPU.ActiveCfg = Release|Any CPU
		{2C37F585-A36D-09CA-79BC-490EC0A7FD6B}.Release|Any CPU.Build.0 = Release|Any CPU
	EndGlobalSection
	GlobalSection(SolutionProperties) = preSolution
		HideSolutionNode = FALSE
	EndGlobalSection
	GlobalSection(MonoDevelopProperties) = preSolution
		StartupItem = Assembly-CSharp.csproj
	EndGlobalSection
EndGlobal
